
Microsoft Visual Studio Solution File, Format Version 12.00
# Visual Studio 15
VisualStudioVersion = 15.0.28307.421
MinimumVisualStudioVersion = 10.0.40219.1
Project("{FAE04EC0-301F-11D3-BF4B-00C04F79EFBC}") = "TripTracker.BackService", "TripTracker.BackService\TripTracker.BackService.csproj", "{1112B9A0-C230-4A32-88A0-DEF3DDE6623C}"
EndProject
Global
	GlobalSection(SolutionConfigurationPlatforms) = preSolution
		Debug|Any CPU = Debug|Any CPU
		Release|Any CPU = Release|Any CPU
	EndGlobalSection
	GlobalSection(ProjectConfigurationPlatforms) = postSolution
		{1112B9A0-C230-4A32-88A0-DEF3DDE6623C}.Debug|Any CPU.ActiveCfg = Debug|Any CPU
		{1112B9A0-C230-4A32-88A0-DEF3DDE6623C}.Debug|Any CPU.Build.0 = Debug|Any CPU
		{1112B9A0-C230-4A32-88A0-DEF3DDE6623C}.Release|Any CPU.ActiveCfg = Release|Any CPU
		{1112B9A0-C230-4A32-88A0-DEF3DDE6623C}.Release|Any CPU.Build.0 = Release|Any CPU
	EndGlobalSection
	GlobalSection(SolutionProperties) = preSolution
		HideSolutionNode = FALSE
	EndGlobalSection
	GlobalSection(ExtensibilityGlobals) = postSolution
		SolutionGuid = {C582D41D-A699-4021-82CC-9FA3364F6C1A}
	EndGlobalSection
EndGlobal
